
Microsoft Visual Studio Solution File, Format Version 12.00
# Visual Studio Version 17
VisualStudioVersion = 17.14.36414.22 d17.14
MinimumVisualStudioVersion = 10.0.40219.1
Project("{FAE04EC0-301F-11D3-BF4B-00C04F79EFBC}") = "Subnet Mask Calculator with GUI", "Subnet Mask Calculator with GUI\Subnet Mask Calculator with GUI.csproj", "{563F7573-288A-411D-8747-B51EE6A5899A}"
EndProject
Global
	GlobalSection(SolutionConfigurationPlatforms) = preSolution
		Debug|Any CPU = Debug|Any CPU
		Release|Any CPU = Release|Any CPU
	EndGlobalSection
	GlobalSection(ProjectConfigurationPlatforms) = postSolution
		{563F7573-288A-411D-8747-B51EE6A5899A}.Debug|Any CPU.ActiveCfg = Debug|Any CPU
		{563F7573-288A-411D-8747-B51EE6A5899A}.Debug|Any CPU.Build.0 = Debug|Any CPU
		{563F7573-288A-411D-8747-B51EE6A5899A}.Release|Any CPU.ActiveCfg = Release|Any CPU
		{563F7573-288A-411D-8747-B51EE6A5899A}.Release|Any CPU.Build.0 = Release|Any CPU
	EndGlobalSection
	GlobalSection(SolutionProperties) = preSolution
		HideSolutionNode = FALSE
	EndGlobalSection
	GlobalSection(ExtensibilityGlobals) = postSolution
		SolutionGuid = {9CB5580C-E9BA-4D4B-84AE-0990656A62F4}
	EndGlobalSection
EndGlobal
